
Microsoft Visual Studio Solution File, Format Version 12.00
# Visual Studio 14
VisualStudioVersion = 14.0.23107.0
MinimumVisualStudioVersion = 10.0.40219.1
Project("{FAE04EC0-301F-11D3-BF4B-00C04F79EFBC}") = "ConsoleApplication2", "ConsoleApplication2\ConsoleApplication2.csproj", "{4FE0F946-386A-48CB-B172-735850211918}"
EndProject
Project("{FAE04EC0-301F-11D3-BF4B-00C04F79EFBC}") = "ConsoleApplication1", "ConsoleApplication1\ConsoleApplication1.csproj", "{AC9FB2C0-8D4A-4C99-90F9-EAD2F43C548A}"
EndProject
Global
	GlobalSection(SolutionConfigurationPlatforms) = preSolution
		Debug|Any CPU = Debug|Any CPU
		Release|Any CPU = Release|Any CPU
	EndGlobalSection
	GlobalSection(ProjectConfigurationPlatforms) = postSolution
		{4FE0F946-386A-48CB-B172-735850211918}.Debug|Any CPU.ActiveCfg = Debug|Any CPU
		{4FE0F946-386A-48CB-B172-735850211918}.Debug|Any CPU.Build.0 = Debug|Any CPU
		{4FE0F946-386A-48CB-B172-735850211918}.Release|Any CPU.ActiveCfg = Release|Any CPU
		{4FE0F946-386A-48CB-B172-735850211918}.Release|Any CPU.Build.0 = Release|Any CPU
		{AC9FB2C0-8D4A-4C99-90F9-EAD2F43C548A}.Debug|Any CPU.ActiveCfg = Debug|Any CPU
		{AC9FB2C0-8D4A-4C99-90F9-EAD2F43C548A}.Debug|Any CPU.Build.0 = Debug|Any CPU
		{AC9FB2C0-8D4A-4C99-90F9-EAD2F43C548A}.Release|Any CPU.ActiveCfg = Release|Any CPU
		{AC9FB2C0-8D4A-4C99-90F9-EAD2F43C548A}.Release|Any CPU.Build.0 = Release|Any CPU
	EndGlobalSection
	GlobalSection(SolutionProperties) = preSolution
		HideSolutionNode = FALSE
	EndGlobalSection
EndGlobal
